
Microsoft Visual Studio Solution File, Format Version 12.00
# Visual Studio Version 17
VisualStudioVersion = 17.3.32922.545
MinimumVisualStudioVersion = 10.0.40219.1
Project("{FAE04EC0-301F-11D3-BF4B-00C04F79EFBC}") = "FRKTPTUR6", "FRKTPTUR6.csproj", "{69BF92A7-825A-48C8-AC66-DE7FBBADEC6E}"
EndProject
Global
	GlobalSection(SolutionConfigurationPlatforms) = preSolution
		Debug|Any CPU = Debug|Any CPU
		Release|Any CPU = Release|Any CPU
	EndGlobalSection
	GlobalSection(ProjectConfigurationPlatforms) = postSolution
		{69BF92A7-825A-48C8-AC66-DE7FBBADEC6E}.Debug|Any CPU.ActiveCfg = Debug|Any CPU
		{69BF92A7-825A-48C8-AC66-DE7FBBADEC6E}.Debug|Any CPU.Build.0 = Debug|Any CPU
		{69BF92A7-825A-48C8-AC66-DE7FBBADEC6E}.Release|Any CPU.ActiveCfg = Release|Any CPU
		{69BF92A7-825A-48C8-AC66-DE7FBBADEC6E}.Release|Any CPU.Build.0 = Release|Any CPU
	EndGlobalSection
	GlobalSection(SolutionProperties) = preSolution
		HideSolutionNode = FALSE
	EndGlobalSection
	GlobalSection(ExtensibilityGlobals) = postSolution
		SolutionGuid = {D395512F-552F-44C5-B4D0-8F576DFBF22C}
	EndGlobalSection
EndGlobal
